
Microsoft Visual Studio Solution File, Format Version 12.00
# Visual Studio Version 17
VisualStudioVersion = 17.14.36301.6 d17.14
MinimumVisualStudioVersion = 10.0.40219.1
Project("{FAE04EC0-301F-11D3-BF4B-00C04F79EFBC}") = "ARS.WinForms.CustomControls", "ARS.WinForms.CustomControls.csproj", "{955D37A3-0846-43C4-A009-F43129B46571}"
EndProject
Global
	GlobalSection(SolutionConfigurationPlatforms) = preSolution
		Debug|Any CPU = Debug|Any CPU
		Release|Any CPU = Release|Any CPU
	EndGlobalSection
	GlobalSection(ProjectConfigurationPlatforms) = postSolution
		{955D37A3-0846-43C4-A009-F43129B46571}.Debug|Any CPU.ActiveCfg = Debug|Any CPU
		{955D37A3-0846-43C4-A009-F43129B46571}.Debug|Any CPU.Build.0 = Debug|Any CPU
		{955D37A3-0846-43C4-A009-F43129B46571}.Release|Any CPU.ActiveCfg = Release|Any CPU
		{955D37A3-0846-43C4-A009-F43129B46571}.Release|Any CPU.Build.0 = Release|Any CPU
	EndGlobalSection
	GlobalSection(SolutionProperties) = preSolution
		HideSolutionNode = FALSE
	EndGlobalSection
	GlobalSection(ExtensibilityGlobals) = postSolution
		SolutionGuid = {B7E6E47A-1FBE-4FE4-9E9D-A4D374EFAE6D}
	EndGlobalSection
EndGlobal
